
Microsoft Visual Studio Solution File, Format Version 12.00
Project("{FAE04EC0-301F-11D3-BF4B-00C04F79EFBC}") = "UpSchool.Console", "UpSchool.Console\UpSchool.Console.csproj", "{792CF9D3-0C73-4EA8-B958-E44DB06036EF}"
EndProject
Project("{FAE04EC0-301F-11D3-BF4B-00C04F79EFBC}") = "UpSchool.Domain", "UpSchool.Domain\UpSchool.Domain.csproj", "{3AA3F0C2-B287-4A8F-94A3-EB578945B44C}"
EndProject
Project("{FAE04EC0-301F-11D3-BF4B-00C04F79EFBC}") = "LuckySister.Console", "LuckySister.Console\LuckySister.Console.csproj", "{02BD3CAF-E6B1-42D2-9622-D276E41E5556}"
EndProject
Project("{FAE04EC0-301F-11D3-BF4B-00C04F79EFBC}") = "UpSchool.Wasm", "UpSchool.Wasm\UpSchool.Wasm.csproj", "{F7ECDF0D-D285-42AF-84E4-17CAB1E7E8D9}"
EndProject
Global
	GlobalSection(SolutionConfigurationPlatforms) = preSolution
		Debug|Any CPU = Debug|Any CPU
		Release|Any CPU = Release|Any CPU
	EndGlobalSection
	GlobalSection(ProjectConfigurationPlatforms) = postSolution
		{792CF9D3-0C73-4EA8-B958-E44DB06036EF}.Debug|Any CPU.ActiveCfg = Debug|Any CPU
		{792CF9D3-0C73-4EA8-B958-E44DB06036EF}.Debug|Any CPU.Build.0 = Debug|Any CPU
		{792CF9D3-0C73-4EA8-B958-E44DB06036EF}.Release|Any CPU.ActiveCfg = Release|Any CPU
		{792CF9D3-0C73-4EA8-B958-E44DB06036EF}.Release|Any CPU.Build.0 = Release|Any CPU
		{3AA3F0C2-B287-4A8F-94A3-EB578945B44C}.Debug|Any CPU.ActiveCfg = Debug|Any CPU
		{3AA3F0C2-B287-4A8F-94A3-EB578945B44C}.Debug|Any CPU.Build.0 = Debug|Any CPU
		{3AA3F0C2-B287-4A8F-94A3-EB578945B44C}.Release|Any CPU.ActiveCfg = Release|Any CPU
		{3AA3F0C2-B287-4A8F-94A3-EB578945B44C}.Release|Any CPU.Build.0 = Release|Any CPU
		{02BD3CAF-E6B1-42D2-9622-D276E41E5556}.Debug|Any CPU.ActiveCfg = Debug|Any CPU
		{02BD3CAF-E6B1-42D2-9622-D276E41E5556}.Debug|Any CPU.Build.0 = Debug|Any CPU
		{02BD3CAF-E6B1-42D2-9622-D276E41E5556}.Release|Any CPU.ActiveCfg = Release|Any CPU
		{02BD3CAF-E6B1-42D2-9622-D276E41E5556}.Release|Any CPU.Build.0 = Release|Any CPU
		{F7ECDF0D-D285-42AF-84E4-17CAB1E7E8D9}.Debug|Any CPU.ActiveCfg = Debug|Any CPU
		{F7ECDF0D-D285-42AF-84E4-17CAB1E7E8D9}.Debug|Any CPU.Build.0 = Debug|Any CPU
		{F7ECDF0D-D285-42AF-84E4-17CAB1E7E8D9}.Release|Any CPU.ActiveCfg = Release|Any CPU
		{F7ECDF0D-D285-42AF-84E4-17CAB1E7E8D9}.Release|Any CPU.Build.0 = Release|Any CPU
	EndGlobalSection
EndGlobal
