
Microsoft Visual Studio Solution File, Format Version 12.00
Project("{2150E333-8FDC-42A3-9474-1A3956D46DE8}") = "src", "src", "{077135A1-9091-42DE-B9F3-9EA69E166FA2}"
EndProject
Project("{2150E333-8FDC-42A3-9474-1A3956D46DE8}") = "tests", "tests", "{DA3A6E48-88F5-460E-A6A9-6749CE46A21A}"
EndProject
Project("{FAE04EC0-301F-11D3-BF4B-00C04F79EFBC}") = "Domain", "src\Domain\Domain.csproj", "{1C501B0E-A748-4528-8125-D8EC3148D68F}"
EndProject
Project("{FAE04EC0-301F-11D3-BF4B-00C04F79EFBC}") = "Application", "src\Application\Application.csproj", "{664A4E8A-8E5A-4047-A520-823C3B9D5028}"
EndProject
Project("{FAE04EC0-301F-11D3-BF4B-00C04F79EFBC}") = "Infrastructure", "src\Infrastructure\Infrastructure.csproj", "{A32EBF29-5165-404F-95E7-F3047E06F6B7}"
EndProject
Project("{FAE04EC0-301F-11D3-BF4B-00C04F79EFBC}") = "Application.UnitTests", "tests\Application.UnitTests\Application.UnitTests.csproj", "{5471F162-2F0B-451B-8D98-B8A6BAB4D319}"
EndProject
Project("{FAE04EC0-301F-11D3-BF4B-00C04F79EFBC}") = "Application.IntegrationTests", "tests\Application.IntegrationTests\Application.IntegrationTests.csproj", "{856B7194-D625-412B-83D5-C5BF7C14D528}"
EndProject
Project("{FAE04EC0-301F-11D3-BF4B-00C04F79EFBC}") = "WebApi", "src\WebApi\WebApi.csproj", "{9F8C861C-FA1F-4AEB-97A8-BC9F1422DF31}"
EndProject
Global
	GlobalSection(SolutionConfigurationPlatforms) = preSolution
		Debug|Any CPU = Debug|Any CPU
		Release|Any CPU = Release|Any CPU
	EndGlobalSection
	GlobalSection(NestedProjects) = preSolution
		{1C501B0E-A748-4528-8125-D8EC3148D68F} = {077135A1-9091-42DE-B9F3-9EA69E166FA2}
		{664A4E8A-8E5A-4047-A520-823C3B9D5028} = {077135A1-9091-42DE-B9F3-9EA69E166FA2}
		{A32EBF29-5165-404F-95E7-F3047E06F6B7} = {077135A1-9091-42DE-B9F3-9EA69E166FA2}
		{5471F162-2F0B-451B-8D98-B8A6BAB4D319} = {DA3A6E48-88F5-460E-A6A9-6749CE46A21A}
		{856B7194-D625-412B-83D5-C5BF7C14D528} = {DA3A6E48-88F5-460E-A6A9-6749CE46A21A}
		{9F8C861C-FA1F-4AEB-97A8-BC9F1422DF31} = {077135A1-9091-42DE-B9F3-9EA69E166FA2}
	EndGlobalSection
	GlobalSection(ProjectConfigurationPlatforms) = postSolution
		{1C501B0E-A748-4528-8125-D8EC3148D68F}.Debug|Any CPU.ActiveCfg = Debug|Any CPU
		{1C501B0E-A748-4528-8125-D8EC3148D68F}.Debug|Any CPU.Build.0 = Debug|Any CPU
		{1C501B0E-A748-4528-8125-D8EC3148D68F}.Release|Any CPU.ActiveCfg = Release|Any CPU
		{1C501B0E-A748-4528-8125-D8EC3148D68F}.Release|Any CPU.Build.0 = Release|Any CPU
		{664A4E8A-8E5A-4047-A520-823C3B9D5028}.Debug|Any CPU.ActiveCfg = Debug|Any CPU
		{664A4E8A-8E5A-4047-A520-823C3B9D5028}.Debug|Any CPU.Build.0 = Debug|Any CPU
		{664A4E8A-8E5A-4047-A520-823C3B9D5028}.Release|Any CPU.ActiveCfg = Release|Any CPU
		{664A4E8A-8E5A-4047-A520-823C3B9D5028}.Release|Any CPU.Build.0 = Release|Any CPU
		{A32EBF29-5165-404F-95E7-F3047E06F6B7}.Debug|Any CPU.ActiveCfg = Debug|Any CPU
		{A32EBF29-5165-404F-95E7-F3047E06F6B7}.Debug|Any CPU.Build.0 = Debug|Any CPU
		{A32EBF29-5165-404F-95E7-F3047E06F6B7}.Release|Any CPU.ActiveCfg = Release|Any CPU
		{A32EBF29-5165-404F-95E7-F3047E06F6B7}.Release|Any CPU.Build.0 = Release|Any CPU
		{5471F162-2F0B-451B-8D98-B8A6BAB4D319}.Debug|Any CPU.ActiveCfg = Debug|Any CPU
		{5471F162-2F0B-451B-8D98-B8A6BAB4D319}.Debug|Any CPU.Build.0 = Debug|Any CPU
		{5471F162-2F0B-451B-8D98-B8A6BAB4D319}.Release|Any CPU.ActiveCfg = Release|Any CPU
		{5471F162-2F0B-451B-8D98-B8A6BAB4D319}.Release|Any CPU.Build.0 = Release|Any CPU
		{856B7194-D625-412B-83D5-C5BF7C14D528}.Debug|Any CPU.ActiveCfg = Debug|Any CPU
		{856B7194-D625-412B-83D5-C5BF7C14D528}.Debug|Any CPU.Build.0 = Debug|Any CPU
		{856B7194-D625-412B-83D5-C5BF7C14D528}.Release|Any CPU.ActiveCfg = Release|Any CPU
		{856B7194-D625-412B-83D5-C5BF7C14D528}.Release|Any CPU.Build.0 = Release|Any CPU
		{9F8C861C-FA1F-4AEB-97A8-BC9F1422DF31}.Debug|Any CPU.ActiveCfg = Debug|Any CPU
		{9F8C861C-FA1F-4AEB-97A8-BC9F1422DF31}.Debug|Any CPU.Build.0 = Debug|Any CPU
		{9F8C861C-FA1F-4AEB-97A8-BC9F1422DF31}.Release|Any CPU.ActiveCfg = Release|Any CPU
		{9F8C861C-FA1F-4AEB-97A8-BC9F1422DF31}.Release|Any CPU.Build.0 = Release|Any CPU
	EndGlobalSection
EndGlobal
